
Microsoft Visual Studio Solution File, Format Version 11.00
# Visual Studio 2010
Project("{FAE04EC0-301F-11D3-BF4B-00C04F79EFBC}") = "SampleWcfApplication", "SampleWcfApplication\SampleWcfApplication.csproj", "{0CA875F3-C6F4-471A-A805-3565BA094A5C}"
	ProjectSection(ProjectDependencies) = postProject
		{F7A5B020-8B2B-4F41-9942-B8D62636C515} = {F7A5B020-8B2B-4F41-9942-B8D62636C515}
	EndProjectSection
EndProject
Project("{FAE04EC0-301F-11D3-BF4B-00C04F79EFBC}") = "WcfServiceLibrary1", "WcfServiceLibrary1\WcfServiceLibrary1.csproj", "{F7A5B020-8B2B-4F41-9942-B8D62636C515}"
EndProject
Global
	GlobalSection(SolutionConfigurationPlatforms) = preSolution
		Debug|Any CPU = Debug|Any CPU
		Debug|Mixed Platforms = Debug|Mixed Platforms
		Debug|x86 = Debug|x86
		Release|Any CPU = Release|Any CPU
		Release|Mixed Platforms = Release|Mixed Platforms
		Release|x86 = Release|x86
	EndGlobalSection
	GlobalSection(ProjectConfigurationPlatforms) = postSolution
		{0CA875F3-C6F4-471A-A805-3565BA094A5C}.Debug|Any CPU.ActiveCfg = Debug|x86
		{0CA875F3-C6F4-471A-A805-3565BA094A5C}.Debug|Mixed Platforms.ActiveCfg = Debug|x86
		{0CA875F3-C6F4-471A-A805-3565BA094A5C}.Debug|Mixed Platforms.Build.0 = Debug|x86
		{0CA875F3-C6F4-471A-A805-3565BA094A5C}.Debug|x86.ActiveCfg = Debug|x86
		{0CA875F3-C6F4-471A-A805-3565BA094A5C}.Debug|x86.Build.0 = Debug|x86
		{0CA875F3-C6F4-471A-A805-3565BA094A5C}.Release|Any CPU.ActiveCfg = Release|x86
		{0CA875F3-C6F4-471A-A805-3565BA094A5C}.Release|Mixed Platforms.ActiveCfg = Release|x86
		{0CA875F3-C6F4-471A-A805-3565BA094A5C}.Release|Mixed Platforms.Build.0 = Release|x86
		{0CA875F3-C6F4-471A-A805-3565BA094A5C}.Release|x86.ActiveCfg = Release|x86
		{0CA875F3-C6F4-471A-A805-3565BA094A5C}.Release|x86.Build.0 = Release|x86
		{F7A5B020-8B2B-4F41-9942-B8D62636C515}.Debug|Any CPU.ActiveCfg = Debug|Any CPU
		{F7A5B020-8B2B-4F41-9942-B8D62636C515}.Debug|Any CPU.Build.0 = Debug|Any CPU
		{F7A5B020-8B2B-4F41-9942-B8D62636C515}.Debug|Mixed Platforms.ActiveCfg = Debug|Any CPU
		{F7A5B020-8B2B-4F41-9942-B8D62636C515}.Debug|Mixed Platforms.Build.0 = Debug|Any CPU
		{F7A5B020-8B2B-4F41-9942-B8D62636C515}.Debug|x86.ActiveCfg = Debug|Any CPU
		{F7A5B020-8B2B-4F41-9942-B8D62636C515}.Release|Any CPU.ActiveCfg = Release|Any CPU
		{F7A5B020-8B2B-4F41-9942-B8D62636C515}.Release|Any CPU.Build.0 = Release|Any CPU
		{F7A5B020-8B2B-4F41-9942-B8D62636C515}.Release|Mixed Platforms.ActiveCfg = Release|Any CPU
		{F7A5B020-8B2B-4F41-9942-B8D62636C515}.Release|Mixed Platforms.Build.0 = Release|Any CPU
		{F7A5B020-8B2B-4F41-9942-B8D62636C515}.Release|x86.ActiveCfg = Release|Any CPU
	EndGlobalSection
	GlobalSection(SolutionProperties) = preSolution
		HideSolutionNode = FALSE
	EndGlobalSection
EndGlobal
